<?xml version="1.0" encoding="utf-8"?>
<Project ToolsVersion="4.0" xmlns="http://schemas.microsoft.com/developer/msbuild/2003">
  <ItemGroup>
    <Filter Include="Source Files">
      <UniqueIdentifier>{4FC737F1-C7A5-4376-A066-2A32D752A2FF}</UniqueIdentifier>
      <Extensions>cpp;c;cc;cxx;def;odl;idl;hpj;bat;asm;asmx</Extensions>
    </Filter>
    <Filter Include="Header Files">
      <UniqueIdentifier>{93995380-89BD-4b04-88EB-625FBE52EBFB}</UniqueIdentifier>
      <Extensions>h;hh;hpp;hxx;hm;inl;inc;ipp;xsd</Extensions>
    </Filter>
    <Filter Include="Resource Files">
      <UniqueIdentifier>{67DA6AB6-F800-4c08-8B7A-83BB121AAD01}</UniqueIdentifier>
      <Extensions>rc;ico;cur;bmp;dlg;rc2;rct;bin;rgs;gif;jpg;jpeg;jpe;resx;tiff;tif;png;wav;mfcribbon-ms</Extensions>
    </Filter>
    <Filter Include="Graphics">
      <UniqueIdentifier>{08de464c-fcea-4040-82c5-b81771bdde82}</UniqueIdentifier>
    </Filter>
    <Filter Include="Graphics\Shader">
      <UniqueIdentifier>{c93b84ab-60cf-4d36-a5fe-dd55bf142a2f}</UniqueIdentifier>
    </Filter>
    <Filter Include="Graphics\Texture">
      <UniqueIdentifier>{26e383e0-dc80-4555-84ef-1d5775e25bb2}</UniqueIdentifier>
    </Filter>
    <Filter Include="External Libraries">
      <UniqueIdentifier>{dd453efa-233f-4bb1-84c3-720feade8de7}</UniqueIdentifier>
    </Filter>
    <Filter Include="Graphics\Shader\Shaders">
      <UniqueIdentifier>{e3bb34b5-8517-49d9-aadb-2e1f03ffb162}</UniqueIdentifier>
    </Filter>
    <Filter Include="RapidXML">
      <UniqueIdentifier>{efa0baed-682f-4ae1-9085-67a41f116ced}</UniqueIdentifier>
    </Filter>
    <Filter Include="Tilemap">
      <UniqueIdentifier>{7204caf4-85f9-4933-af3a-a782c6137deb}</UniqueIdentifier>
    </Filter>
    <Filter Include="Tilemap\XML">
      <UniqueIdentifier>{bb20cbb9-211c-4121-90b4-d90143971073}</UniqueIdentifier>
    </Filter>
    <Filter Include="Tilemap\Tile">
      <UniqueIdentifier>{cf48b07a-8fa5-450d-b404-ceb923148a01}</UniqueIdentifier>
    </Filter>
    <Filter Include="Miscellaneous">
      <UniqueIdentifier>{2ec819f2-7bb9-4d18-8f60-afb54ea83f9e}</UniqueIdentifier>
    </Filter>
    <Filter Include="Graphics\Buffers">
      <UniqueIdentifier>{888a1f77-66d0-49f7-adbc-fa633438e42d}</UniqueIdentifier>
    </Filter>
    <Filter Include="Graphics\Font">
      <UniqueIdentifier>{9a70f832-3afc-4855-9da8-58ebca98a6ac}</UniqueIdentifier>
    </Filter>
    <Filter Include="Graphics\Camera">
      <UniqueIdentifier>{5c08670b-b468-4fbf-a4cd-60fbce3aa17b}</UniqueIdentifier>
    </Filter>
    <Filter Include="Graphics\Renderer">
      <UniqueIdentifier>{f19cf2e1-b2a6-4dac-bb17-74daed4f15c5}</UniqueIdentifier>
    </Filter>
    <Filter Include="Resource Files\ext">
      <UniqueIdentifier>{a08600f6-d76b-4a17-9d1a-81ab6659cba0}</UniqueIdentifier>
    </Filter>
    <Filter Include="Resource Files\ext\freetype">
      <UniqueIdentifier>{923bb01e-3725-49dc-af49-008807be2adf}</UniqueIdentifier>
    </Filter>
    <Filter Include="Resource Files\ext\freetype\FT_MODULES">
      <UniqueIdentifier>{c577a11a-38a5-429d-b6e7-515612c84203}</UniqueIdentifier>
    </Filter>
    <Filter Include="Resource Files\ext\freetype\freetype-gl">
      <UniqueIdentifier>{13f93c90-55ad-4b1d-8a2c-b165375a547b}</UniqueIdentifier>
    </Filter>
  </ItemGroup>
  <ItemGroup>
    <ClCompile Include="main.cpp">
      <Filter>Source Files</Filter>
    </ClCompile>
    <ClCompile Include="Shader.cpp">
      <Filter>Graphics\Shader</Filter>
    </ClCompile>
    <ClCompile Include="ShaderManager.cpp">
      <Filter>Graphics\Shader</Filter>
    </ClCompile>
    <ClCompile Include="TextureManager.cpp">
      <Filter>Graphics\Texture</Filter>
    </ClCompile>
    <ClCompile Include="Texture.cpp">
      <Filter>Graphics\Texture</Filter>
    </ClCompile>
    <ClCompile Include="TiledMapManager.cpp">
      <Filter>Tilemap\XML</Filter>
    </ClCompile>
    <ClCompile Include="Tile.cpp">
      <Filter>Tilemap\Tile</Filter>
    </ClCompile>
    <ClCompile Include="TileMap.cpp">
      <Filter>Tilemap\Tile</Filter>
    </ClCompile>
    <ClCompile Include="EngineUtilities.cpp">
      <Filter>Miscellaneous</Filter>
    </ClCompile>
    <ClCompile Include="Font.cpp">
      <Filter>Graphics\Font</Filter>
    </ClCompile>
    <ClCompile Include="FontManager.cpp">
      <Filter>Graphics\Font</Filter>
    </ClCompile>
    <ClCompile Include="ext\freetype\src\base\ftbbox.c">
      <Filter>Resource Files\ext\freetype\FT_MODULES</Filter>
    </ClCompile>
    <ClCompile Include="ext\freetype\src\base\ftgxval.c">
      <Filter>Resource Files\ext\freetype\FT_MODULES</Filter>
    </ClCompile>
    <ClCompile Include="ext\freetype\src\base\ftlcdfil.c">
      <Filter>Resource Files\ext\freetype\FT_MODULES</Filter>
    </ClCompile>
    <ClCompile Include="ext\freetype\src\base\ftmm.c">
      <Filter>Resource Files\ext\freetype\FT_MODULES</Filter>
    </ClCompile>
    <ClCompile Include="ext\freetype\src\base\ftotval.c">
      <Filter>Resource Files\ext\freetype\FT_MODULES</Filter>
    </ClCompile>
    <ClCompile Include="ext\freetype\src\base\ftpatent.c">
      <Filter>Resource Files\ext\freetype\FT_MODULES</Filter>
    </ClCompile>
    <ClCompile Include="ext\freetype\src\base\ftpfr.c">
      <Filter>Resource Files\ext\freetype\FT_MODULES</Filter>
    </ClCompile>
    <ClCompile Include="ext\freetype\src\base\ftsynth.c">
      <Filter>Resource Files\ext\freetype\FT_MODULES</Filter>
    </ClCompile>
    <ClCompile Include="ext\freetype\src\base\fttype1.c">
      <Filter>Resource Files\ext\freetype\FT_MODULES</Filter>
    </ClCompile>
    <ClCompile Include="ext\freetype\src\base\ftwinfnt.c">
      <Filter>Resource Files\ext\freetype\FT_MODULES</Filter>
    </ClCompile>
    <ClCompile Include="ext\freetype\src\base\ftxf86.c">
      <Filter>Resource Files\ext\freetype\FT_MODULES</Filter>
    </ClCompile>
    <ClCompile Include="ext\freetype\src\pcf\pcf.c">
      <Filter>Resource Files\ext\freetype\FT_MODULES</Filter>
    </ClCompile>
    <ClCompile Include="ext\freetype\src\pfr\pfr.c">
      <Filter>Resource Files\ext\freetype\FT_MODULES</Filter>
    </ClCompile>
    <ClCompile Include="ext\freetype\src\psaux\psaux.c">
      <Filter>Resource Files\ext\freetype\FT_MODULES</Filter>
    </ClCompile>
    <ClCompile Include="ext\freetype\src\pshinter\pshinter.c">
      <Filter>Resource Files\ext\freetype\FT_MODULES</Filter>
    </ClCompile>
    <ClCompile Include="ext\freetype\src\psnames\psmodule.c">
      <Filter>Resource Files\ext\freetype\FT_MODULES</Filter>
    </ClCompile>
    <ClCompile Include="ext\freetype\src\raster\raster.c">
      <Filter>Resource Files\ext\freetype\FT_MODULES</Filter>
    </ClCompile>
    <ClCompile Include="ext\freetype\src\sfnt\sfnt.c">
      <Filter>Resource Files\ext\freetype\FT_MODULES</Filter>
    </ClCompile>
    <ClCompile Include="ext\freetype\src\truetype\truetype.c">
      <Filter>Resource Files\ext\freetype\FT_MODULES</Filter>
    </ClCompile>
    <ClCompile Include="ext\freetype\src\type1\type1.c">
      <Filter>Resource Files\ext\freetype\FT_MODULES</Filter>
    </ClCompile>
    <ClCompile Include="ext\freetype\src\cid\type1cid.c">
      <Filter>Resource Files\ext\freetype\FT_MODULES</Filter>
    </ClCompile>
    <ClCompile Include="ext\freetype\src\type42\type42.c">
      <Filter>Resource Files\ext\freetype\FT_MODULES</Filter>
    </ClCompile>
    <ClCompile Include="ext\freetype\src\winfonts\winfnt.c">
      <Filter>Resource Files\ext\freetype\FT_MODULES</Filter>
    </ClCompile>
    <ClCompile Include="ext\freetype\src\autofit\autofit.c">
      <Filter>Resource Files\ext\freetype</Filter>
    </ClCompile>
    <ClCompile Include="ext\freetype\src\bdf\bdf.c">
      <Filter>Resource Files\ext\freetype</Filter>
    </ClCompile>
    <ClCompile Include="ext\freetype\src\cff\cff.c">
      <Filter>Resource Files\ext\freetype</Filter>
    </ClCompile>
    <ClCompile Include="ext\freetype\src\base\ftbase.c">
      <Filter>Resource Files\ext\freetype</Filter>
    </ClCompile>
    <ClCompile Include="ext\freetype\src\base\ftbitmap.c">
      <Filter>Resource Files\ext\freetype</Filter>
    </ClCompile>
    <ClCompile Include="ext\freetype\src\cache\ftcache.c">
      <Filter>Resource Files\ext\freetype</Filter>
    </ClCompile>
    <ClCompile Include="ext\freetype\src\base\ftdebug.c">
      <Filter>Resource Files\ext\freetype</Filter>
    </ClCompile>
    <ClCompile Include="ext\freetype\src\base\ftfstype.c">
      <Filter>Resource Files\ext\freetype</Filter>
    </ClCompile>
    <ClCompile Include="ext\freetype\src\base\ftgasp.c">
      <Filter>Resource Files\ext\freetype</Filter>
    </ClCompile>
    <ClCompile Include="ext\freetype\src\base\ftglyph.c">
      <Filter>Resource Files\ext\freetype</Filter>
    </ClCompile>
    <ClCompile Include="ext\freetype\src\gzip\ftgzip.c">
      <Filter>Resource Files\ext\freetype</Filter>
    </ClCompile>
    <ClCompile Include="ext\freetype\src\base\ftinit.c">
      <Filter>Resource Files\ext\freetype</Filter>
    </ClCompile>
    <ClCompile Include="ext\freetype\src\lzw\ftlzw.c">
      <Filter>Resource Files\ext\freetype</Filter>
    </ClCompile>
    <ClCompile Include="ext\freetype\src\base\ftstroke.c">
      <Filter>Resource Files\ext\freetype</Filter>
    </ClCompile>
    <ClCompile Include="ext\freetype\src\base\ftsystem.c">
      <Filter>Resource Files\ext\freetype</Filter>
    </ClCompile>
    <ClCompile Include="ext\freetype\src\smooth\smooth.c">
      <Filter>Resource Files\ext\freetype</Filter>
    </ClCompile>
    <ClCompile Include="ext\freetype-gl\platform.c">
      <Filter>Resource Files\ext\freetype\freetype-gl</Filter>
    </ClCompile>
    <ClCompile Include="ext\freetype-gl\texture-atlas.c">
      <Filter>Resource Files\ext\freetype\freetype-gl</Filter>
    </ClCompile>
    <ClCompile Include="ext\freetype-gl\texture-font.c">
      <Filter>Resource Files\ext\freetype\freetype-gl</Filter>
    </ClCompile>
    <ClCompile Include="ext\freetype-gl\vector.c">
      <Filter>Resource Files\ext\freetype\freetype-gl</Filter>
    </ClCompile>
    <ClCompile Include="Buffer.cpp">
      <Filter>Graphics\Buffers</Filter>
    </ClCompile>
    <ClCompile Include="IndexBuffer.cpp">
      <Filter>Graphics\Buffers</Filter>
    </ClCompile>
    <ClCompile Include="VertexArray.cpp">
      <Filter>Graphics\Buffers</Filter>
    </ClCompile>
    <ClCompile Include="BatchRenderer.cpp">
      <Filter>Graphics\Renderer</Filter>
    </ClCompile>
    <ClCompile Include="Renderable.cpp">
      <Filter>Graphics\Renderer</Filter>
    </ClCompile>
  </ItemGroup>
  <ItemGroup>
    <ClInclude Include="ShaderManager.h">
      <Filter>Graphics\Shader</Filter>
    </ClInclude>
    <ClInclude Include="Shader.h">
      <Filter>Graphics\Shader</Filter>
    </ClInclude>
    <ClInclude Include="TextureManager.h">
      <Filter>Graphics\Texture</Filter>
    </ClInclude>
    <ClInclude Include="Texture.h">
      <Filter>Graphics\Texture</Filter>
    </ClInclude>
    <ClInclude Include="stb_image.h">
      <Filter>External Libraries</Filter>
    </ClInclude>
    <ClInclude Include="rapidxml.hpp">
      <Filter>RapidXML</Filter>
    </ClInclude>
    <ClInclude Include="rapidxml_iterators.hpp">
      <Filter>RapidXML</Filter>
    </ClInclude>
    <ClInclude Include="rapidxml_print.hpp">
      <Filter>RapidXML</Filter>
    </ClInclude>
    <ClInclude Include="rapidxml_utils.hpp">
      <Filter>RapidXML</Filter>
    </ClInclude>
    <ClInclude Include="TiledMapManager.h">
      <Filter>Tilemap\XML</Filter>
    </ClInclude>
    <ClInclude Include="XMLLayer.h">
      <Filter>Tilemap\XML</Filter>
    </ClInclude>
    <ClInclude Include="XMLMap.h">
      <Filter>Tilemap\XML</Filter>
    </ClInclude>
    <ClInclude Include="XMLTile.h">
      <Filter>Tilemap\XML</Filter>
    </ClInclude>
    <ClInclude Include="Tile.h">
      <Filter>Tilemap\Tile</Filter>
    </ClInclude>
    <ClInclude Include="TileMap.h">
      <Filter>Tilemap\Tile</Filter>
    </ClInclude>
    <ClInclude Include="EngineUtilities.h">
      <Filter>Miscellaneous</Filter>
    </ClInclude>
    <ClInclude Include="Font.h">
      <Filter>Graphics\Font</Filter>
    </ClInclude>
    <ClInclude Include="FontManager.h">
      <Filter>Graphics\Font</Filter>
    </ClInclude>
    <ClInclude Include="Buffer.h">
      <Filter>Graphics\Buffers</Filter>
    </ClInclude>
    <ClInclude Include="IndexBuffer.h">
      <Filter>Graphics\Buffers</Filter>
    </ClInclude>
    <ClInclude Include="VertexArray.h">
      <Filter>Graphics\Buffers</Filter>
    </ClInclude>
    <ClInclude Include="BatchRenderer.h">
      <Filter>Graphics\Renderer</Filter>
    </ClInclude>
    <ClInclude Include="Renderable.h">
      <Filter>Graphics\Renderer</Filter>
    </ClInclude>
    <ClInclude Include="RendererBase.h">
      <Filter>Graphics\Renderer</Filter>
    </ClInclude>
  </ItemGroup>
  <ItemGroup>
    <None Include="Shaders\forwardVertex.glsl">
      <Filter>Graphics\Shader\Shaders</Filter>
    </None>
    <None Include="Shaders\fragmentVertex.glsl">
      <Filter>Graphics\Shader\Shaders</Filter>
    </None>
    <None Include="Shaders\simpleFragment.glsl">
      <Filter>Graphics\Shader\Shaders</Filter>
    </None>
    <None Include="Shaders\simpleVertex.glsl">
      <Filter>Graphics\Shader\Shaders</Filter>
    </None>
  </ItemGroup>
</Project>